PODS:
  - audio_session (0.0.1):
    - FlutterMacOS
  - flutter_desktop_audio_recorder (0.0.1):
    - FlutterMacOS
  - FlutterMacOS (1.0.0)
  - FMDB (2.7.5):
    - FMDB/standard (= 2.7.5)
  - FMDB/standard (2.7.5)
  - HotKey (0.2.0)
  - hotkey_manager (0.0.1):
    - FlutterMacOS
    - HotKey
  - just_audio (0.0.1):
    - FlutterMacOS
  - just_waveform (0.0.1):
    - FlutterMacOS
  - package_info_plus (0.0.1):
    - FlutterMacOS
  - path_provider_foundation (0.0.1):
    - Flutter
    - FlutterMacOS
  - record_macos (0.2.0):
    - FlutterMacOS
  - screen_retriever (0.0.1):
    - FlutterMacOS
  - shared_preferences_foundation (0.0.1):
    - Flutter
    - FlutterMacOS
  - sqflite (0.0.2):
    - FlutterMacOS
    - FMDB (>= 2.7.5)
  - url_launcher_macos (0.0.1):
    - FlutterMacOS
  - window_manager (0.2.0):
    - FlutterMacOS

DEPENDENCIES:
  - audio_session (from `Flutter/ephemeral/.symlinks/plugins/audio_session/macos`)
  - flutter_desktop_audio_recorder (from `Flutter/ephemeral/.symlinks/plugins/flutter_desktop_audio_recorder/macos`)
  - FlutterMacOS (from `Flutter/ephemeral`)
  - hotkey_manager (from `Flutter/ephemeral/.symlinks/plugins/hotkey_manager/macos`)
  - just_audio (from `Flutter/ephemeral/.symlinks/plugins/just_audio/macos`)
  - just_waveform (from `Flutter/ephemeral/.symlinks/plugins/just_waveform/macos`)
  - package_info_plus (from `Flutter/ephemeral/.symlinks/plugins/package_info_plus/macos`)
  - path_provider_foundation (from `Flutter/ephemeral/.symlinks/plugins/path_provider_foundation/darwin`)
  - record_macos (from `Flutter/ephemeral/.symlinks/plugins/record_macos/macos`)
  - screen_retriever (from `Flutter/ephemeral/.symlinks/plugins/screen_retriever/macos`)
  - shared_preferences_foundation (from `Flutter/ephemeral/.symlinks/plugins/shared_preferences_foundation/darwin`)
  - sqflite (from `Flutter/ephemeral/.symlinks/plugins/sqflite/macos`)
  - url_launcher_macos (from `Flutter/ephemeral/.symlinks/plugins/url_launcher_macos/macos`)
  - window_manager (from `Flutter/ephemeral/.symlinks/plugins/window_manager/macos`)

SPEC REPOS:
  trunk:
    - FMDB
    - HotKey

EXTERNAL SOURCES:
  audio_session:
    :path: Flutter/ephemeral/.symlinks/plugins/audio_session/macos
  flutter_desktop_audio_recorder:
    :path: Flutter/ephemeral/.symlinks/plugins/flutter_desktop_audio_recorder/macos
  FlutterMacOS:
    :path: Flutter/ephemeral
  hotkey_manager:
    :path: Flutter/ephemeral/.symlinks/plugins/hotkey_manager/macos
  just_audio:
    :path: Flutter/ephemeral/.symlinks/plugins/just_audio/macos
  just_waveform:
    :path: Flutter/ephemeral/.symlinks/plugins/just_waveform/macos
  package_info_plus:
    :path: Flutter/ephemeral/.symlinks/plugins/package_info_plus/macos
  path_provider_foundation:
    :path: Flutter/ephemeral/.symlinks/plugins/path_provider_foundation/darwin
  record_macos:
    :path: Flutter/ephemeral/.symlinks/plugins/record_macos/macos
  screen_retriever:
    :path: Flutter/ephemeral/.symlinks/plugins/screen_retriever/macos
  shared_preferences_foundation:
    :path: Flutter/ephemeral/.symlinks/plugins/shared_preferences_foundation/darwin
  sqflite:
    :path: Flutter/ephemeral/.symlinks/plugins/sqflite/macos
  url_launcher_macos:
    :path: Flutter/ephemeral/.symlinks/plugins/url_launcher_macos/macos
  window_manager:
    :path: Flutter/ephemeral/.symlinks/plugins/window_manager/macos

SPEC CHECKSUMS:
  audio_session: dea1f41890dbf1718f04a56f1d6150fd50039b72
  flutter_desktop_audio_recorder: 508312da1e1033e5a6365dc473d4142d1dc18da0
  FlutterMacOS: 8f6f14fa908a6fb3fba0cd85dbd81ec4b251fb24
  FMDB: 2ce00b547f966261cd18927a3ddb07cb6f3db82a
  HotKey: e96d8a2ddbf4591131e2bb3f54e69554d90cdca6
  hotkey_manager: c32bf0bfe8f934b7bc17ab4ad5c4c142960b023c
  just_audio: 9b67ca7b97c61cfc9784ea23cd8cc55eb226d489
  just_waveform: 1ab8cecd081342f77c51392910db0162720f0cba
  package_info_plus: 02d7a575e80f194102bef286361c6c326e4c29ce
  path_provider_foundation: eaf5b3e458fc0e5fbb9940fb09980e853fe058b8
  record_macos: 937889e0f2a7a12b6fc14e97a3678e5a18943de6
  screen_retriever: 59634572a57080243dd1bf715e55b6c54f241a38
  shared_preferences_foundation: e2dae3258e06f44cc55f49d42024fd8dd03c590c
  sqflite: a5789cceda41d54d23f31d6de539d65bb14100ea
  url_launcher_macos: 5335912b679c073563f29d89d33d10d459f95451
  window_manager: 3a1844359a6295ab1e47659b1a777e36773cd6e8

PODFILE CHECKSUM: 0d3963a09fc94f580682bd88480486da345dc3f0

COCOAPODS: 1.11.3
